// !$*UTF8*$!
{
	archiveVersion = 1;
	classes = {
	};
	objectVersion = 50;
	objects = {

/* Begin PBXBuildFile section */
		048E521C26FABA8E0022528F /* AppDelegate.swift in Sources */ = {isa = PBXBuildFile; fileRef = 048E521B26FABA8E0022528F /* AppDelegate.swift */; };
		048E521E26FABA8E0022528F /* SceneDelegate.swift in Sources */ = {isa = PBXBuildFile; fileRef = 048E521D26FABA8E0022528F /* SceneDelegate.swift */; };
		048E522326FABA8E0022528F /* Main.storyboard in Resources */ = {isa = PBXBuildFile; fileRef = 048E522126FABA8E0022528F /* Main.storyboard */; };
		048E522626FABA8E0022528F /* Lab_A1_A2_iOS_Chaitanya_C0824156.xcdatamodeld in Sources */ = {isa = PBXBuildFile; fileRef = 048E522426FABA8E0022528F /* Lab_A1_A2_iOS_Chaitanya_C0824156.xcdatamodeld */; };
		048E522826FABA8E0022528F /* Assets.xcassets in Resources */ = {isa = PBXBuildFile; fileRef = 048E522726FABA8E0022528F /* Assets.xcassets */; };
		048E522B26FABA8E0022528F /* LaunchScreen.storyboard in Resources */ = {isa = PBXBuildFile; fileRef = 048E522926FABA8E0022528F /* LaunchScreen.storyboard */; };
		048E524426FAC35B0022528F /* ProviderScreen.swift in Sources */ = {isa = PBXBuildFile; fileRef = 048E523E26FAC35B0022528F /* ProviderScreen.swift */; };
		048E524626FAC35B0022528F /* ProductScreen.swift in Sources */ = {isa = PBXBuildFile; fileRef = 048E524026FAC35B0022528F /* ProductScreen.swift */; };
		048E524826FAC35B0022528F /* DashboardScreen.swift in Sources */ = {isa = PBXBuildFile; fileRef = 048E524226FAC35B0022528F /* DashboardScreen.swift */; };
		048E524926FAC35B0022528F /* Functions.swift in Sources */ = {isa = PBXBuildFile; fileRef = 048E524326FAC35B0022528F /* Functions.swift */; };
/* End PBXBuildFile section */

/* Begin PBXFileReference section */
		048E521826FABA8E0022528F /* Lab_A1_A2_iOS_Chaitanya_C0824156.app */ = {isa = PBXFileReference; explicitFileType = wrapper.application; includeInIndex = 0; path = Lab_A1_A2_iOS_Chaitanya_C0824156.app; sourceTree = BUILT_PRODUCTS_DIR; };
		048E521B26FABA8E0022528F /* AppDelegate.swift */ = {isa = PBXFileReference; lastKnownFileType = sourcecode.swift; path = AppDelegate.swift; sourceTree = "<group>"; };
		048E521D26FABA8E0022528F /* SceneDelegate.swift */ = {isa = PBXFileReference; lastKnownFileType = sourcecode.swift; path = SceneDelegate.swift; sourceTree = "<group>"; };
		048E522226FABA8E0022528F /* Base */ = {isa = PBXFileReference; lastKnownFileType = file.storyboard; name = Base; path = Base.lproj/Main.storyboard; sourceTree = "<group>"; };
		048E522526FABA8E0022528F /* Lab_A1_A2_iOS_Chaitanya_C0824156.xcdatamodel */ = {isa = PBXFileReference; lastKnownFileType = wrapper.xcdatamodel; path = Lab_A1_A2_iOS_Chaitanya_C0824156.xcdatamodel; sourceTree = "<group>"; };
		048E522726FABA8E0022528F /* Assets.xcassets */ = {isa = PBXFileReference; lastKnownFileType = folder.assetcatalog; path = Assets.xcassets; sourceTree = "<group>"; };
		048E522A26FABA8E0022528F /* Base */ = {isa = PBXFileReference; lastKnownFileType = file.storyboard; name = Base; path = Base.lproj/LaunchScreen.storyboard; sourceTree = "<group>"; };
		048E522C26FABA8F0022528F /* Info.plist */ = {isa = PBXFileReference; lastKnownFileType = text.plist.xml; path = Info.plist; sourceTree = "<group>"; };
		048E523E26FAC35B0022528F /* ProviderScreen.swift */ = {isa = PBXFileReference; fileEncoding = 4; lastKnownFileType = sourcecode.swift; path = ProviderScreen.swift; sourceTree = "<group>"; };
		048E524026FAC35B0022528F /* ProductScreen.swift */ = {isa = PBXFileReference; fileEncoding = 4; lastKnownFileType = sourcecode.swift; path = ProductScreen.swift; sourceTree = "<group>"; };
		048E524226FAC35B0022528F /* DashboardScreen.swift */ = {isa = PBXFileReference; fileEncoding = 4; lastKnownFileType = sourcecode.swift; path = DashboardScreen.swift; sourceTree = "<group>"; };
		048E524326FAC35B0022528F /* Functions.swift */ = {isa = PBXFileReference; fileEncoding = 4; lastKnownFileType = sourcecode.swift; path = Functions.swift; sourceTree = "<group>"; };
/* End PBXFileReference section */

/* Begin PBXFrameworksBuildPhase section */
		048E521526FABA8E0022528F /* Frameworks */ = {
			isa = PBXFrameworksBuildPhase;
			buildActionMask = 2147483647;
			files = (
			);
			runOnlyForDeploymentPostprocessing = 0;
		};
/* End PBXFrameworksBuildPhase section */

/* Begin PBXGroup section */
		048E520F26FABA8E0022528F = {
			isa = PBXGroup;
			children = (
				048E521A26FABA8E0022528F /* Lab_A1_A2_iOS_Chaitanya_C0824156 */,
				048E521926FABA8E0022528F /* Products */,
			);
			sourceTree = "<group>";
		};
		048E521926FABA8E0022528F /* Products */ = {
			isa = PBXGroup;
			children = (
				048E521826FABA8E0022528F /* Lab_A1_A2_iOS_Chaitanya_C0824156.app */,
			);
			name = Products;
			sourceTree = "<group>";
		};
		048E521A26FABA8E0022528F /* Lab_A1_A2_iOS_Chaitanya_C0824156 */ = {
			isa = PBXGroup;
			children = (
				048E521B26FABA8E0022528F /* AppDelegate.swift */,
				048E521D26FABA8E0022528F /* SceneDelegate.swift */,
				048E524326FAC35B0022528F /* Functions.swift */,
				048E525226FAC7870022528F /* Controllers */,
				048E522126FABA8E0022528F /* Main.storyboard */,
				048E522726FABA8E0022528F /* Assets.xcassets */,
				048E522926FABA8E0022528F /* LaunchScreen.storyboard */,
				048E522C26FABA8F0022528F /* Info.plist */,
				048E522426FABA8E0022528F /* Lab_A1_A2_iOS_Chaitanya_C0824156.xcdatamodeld */,
			);
			path = Lab_A1_A2_iOS_Chaitanya_C0824156;
			sourceTree = "<group>";
		};
		048E525226FAC7870022528F /* Controllers */ = {
			isa = PBXGroup;
			children = (
				048E524226FAC35B0022528F /* DashboardScreen.swift */,
				048E524026FAC35B0022528F /* ProductScreen.swift */,
				048E523E26FAC35B0022528F /* ProviderScreen.swift */,
			);
			path = Controllers;
			sourceTree = "<group>";
		};
/* End PBXGroup section */

/* Begin PBXNativeTarget section */
		048E521726FABA8E0022528F /* Lab_A1_A2_iOS_Chaitanya_C0824156 */ = {
			isa = PBXNativeTarget;
			buildConfigurationList = 048E522F26FABA8F0022528F /* Build configuration list for PBXNativeTarget "Lab_A1_A2_iOS_Chaitanya_C0824156" */;
			buildPhases = (
				048E521426FABA8E0022528F /* Sources */,
				048E521526FABA8E0022528F /* Frameworks */,
				048E521626FABA8E0022528F /* Resources */,
			);
			buildRules = (
			);
			dependencies = (
			);
			name = Lab_A1_A2_iOS_Chaitanya_C0824156;
			productName = Lab_A1_A2_iOS_Chaitanya_C0824156;
			productReference = 048E521826FABA8E0022528F /* Lab_A1_A2_iOS_Chaitanya_C0824156.app */;
			productType = "com.apple.product-type.application";
		};
/* End PBXNativeTarget section */

/* Begin PBXProject section */
		048E521026FABA8E0022528F /* Project object */ = {
			isa = PBXProject;
			attributes = {
				LastSwiftUpdateCheck = 1250;
				LastUpgradeCheck = 1250;
				TargetAttributes = {
					048E521726FABA8E0022528F = {
						CreatedOnToolsVersion = 12.5.1;
					};
				};
			};
			buildConfigurationList = 048E521326FABA8E0022528F /* Build configuration list for PBXProject "Lab_A1_A2_iOS_Chaitanya_C0824156" */;
			compatibilityVersion = "Xcode 9.3";
			developmentRegion = en;
			hasScannedForEncodings = 0;
			knownRegions = (
				en,
				Base,
			);
			mainGroup = 048E520F26FABA8E0022528F;
			productRefGroup = 048E521926FABA8E0022528F /* Products */;
			projectDirPath = "";
			projectRoot = "";
			targets = (
				048E521726FABA8E0022528F /* Lab_A1_A2_iOS_Chaitanya_C0824156 */,
			);
		};
/* End PBXProject section */

/* Begin PBXResourcesBuildPhase section */
		048E521626FABA8E0022528F /* Resources */ = {
			isa = PBXResourcesBuildPhase;
			buildActionMask = 2147483647;
			files = (
				048E522B26FABA8E0022528F /* LaunchScreen.storyboard in Resources */,
				048E522826FABA8E0022528F /* Assets.xcassets in Resources */,
				048E522326FABA8E0022528F /* Main.storyboard in Resources */,
			);
			runOnlyForDeploymentPostprocessing = 0;
		};
/* End PBXResourcesBuildPhase section */

/* Begin PBXSourcesBuildPhase section */
		048E521426FABA8E0022528F /* Sources */ = {
			isa = PBXSourcesBuildPhase;
			buildActionMask = 2147483647;
			files = (
				048E524426FAC35B0022528F /* ProviderScreen.swift in Sources */,
				048E521C26FABA8E0022528F /* AppDelegate.swift in Sources */,
				048E524626FAC35B0022528F /* ProductScreen.swift in Sources */,
				048E524926FAC35B0022528F /* Functions.swift in Sources */,
				048E522626FABA8E0022528F /* Lab_A1_A2_iOS_Chaitanya_C0824156.xcdatamodeld in Sources */,
				048E521E26FABA8E0022528F /* SceneDelegate.swift in Sources */,
				048E524826FAC35B0022528F /* DashboardScreen.swift in Sources */,
			);
			runOnlyForDeploymentPostprocessing = 0;
		};
/* End PBXSourcesBuildPhase section */

/* Begin PBXVariantGroup section */
		048E522126FABA8E0022528F /* Main.storyboard */ = {
			isa = PBXVariantGroup;
			children = (
				048E522226FABA8E0022528F /* Base */,
			);
			name = Main.storyboard;
			sourceTree = "<group>";
		};
		048E522926FABA8E0022528F /* LaunchScreen.storyboard */ = {
			isa = PBXVariantGroup;
			children = (
				048E522A26FABA8E0022528F /* Base */,
			);
			name = LaunchScreen.storyboard;
			sourceTree = "<group>";
		};
/* End PBXVariantGroup section */

/* Begin XCBuildConfiguration section */
		048E522D26FABA8F0022528F /* Debug */ = {
			isa = XCBuildConfiguration;
			buildSettings = {
				ALWAYS_SEARCH_USER_PATHS = NO;
				CLANG_ANALYZER_NONNULL = YES;
				CLANG_ANALYZER_NUMBER_OBJECT_CONVERSION = YES_AGGRESSIVE;
				CLANG_CXX_LANGUAGE_STANDARD = "gnu++14";
				CLANG_CXX_LIBRARY = "libc++";
				CLANG_ENABLE_MODULES = YES;
				CLANG_ENABLE_OBJC_ARC = YES;
				CLANG_ENABLE_OBJC_WEAK = YES;
				CLANG_WARN_BLOCK_CAPTURE_AUTORELEASING = YES;
				CLANG_WARN_BOOL_CONVERSION = YES;
				CLANG_WARN_COMMA = YES;
				CLANG_WARN_CONSTANT_CONVERSION = YES;
				CLANG_WARN_DEPRECATED_OBJC_IMPLEMENTATIONS = YES;
				CLANG_WARN_DIRECT_OBJC_ISA_USAGE = YES_ERROR;
				CLANG_WARN_DOCUMENTATION_COMMENTS = YES;
				CLANG_WARN_EMPTY_BODY = YES;
				CLANG_WARN_ENUM_CONVERSION = YES;
				CLANG_WARN_INFINITE_RECURSION = YES;
				CLANG_WARN_INT_CONVERSION = YES;
				CLANG_WARN_NON_LITERAL_NULL_CONVERSION = YES;
				CLANG_WARN_OBJC_IMPLICIT_RETAIN_SELF = YES;
				CLANG_WARN_OBJC_LITERAL_CONVERSION = YES;
				CLANG_WARN_OBJC_ROOT_CLASS = YES_ERROR;
				CLANG_WARN_QUOTED_INCLUDE_IN_FRAMEWORK_HEADER = YES;
				CLANG_WARN_RANGE_LOOP_ANALYSIS = YES;
				CLANG_WARN_STRICT_PROTOTYPES = YES;
				CLANG_WARN_SUSPICIOUS_MOVE = YES;
				CLANG_WARN_UNGUARDED_AVAILABILITY = YES_AGGRESSIVE;
				CLANG_WARN_UNREACHABLE_CODE = YES;
				CLANG_WARN__DUPLICATE_METHOD_MATCH = YES;
				COPY_PHASE_STRIP = NO;
				DEBUG_INFORMATION_FORMAT = dwarf;
				ENABLE_STRICT_OBJC_MSGSEND = YES;
				ENABLE_TESTABILITY = YES;
				GCC_C_LANGUAGE_STANDARD = gnu11;
				GCC_DYNAMIC_NO_PIC = NO;
				GCC_NO_COMMON_BLOCKS = YES;
				GCC_OPTIMIZATION_LEVEL = 0;
				GCC_PREPROCESSOR_DEFINITIONS = (
					"DEBUG=1",
					"$(inherited)",
				);
				GCC_WARN_64_TO_32_BIT_CONVERSION = YES;
				GCC_WARN_ABOUT_RETURN_TYPE = YES_ERROR;
				GCC_WARN_UNDECLARED_SELECTOR = YES;
				GCC_WARN_UNINITIALIZED_AUTOS = YES_AGGRESSIVE;
				GCC_WARN_UNUSED_FUNCTION = YES;
				GCC_WARN_UNUSED_VARIABLE = YES;
				IPHONEOS_DEPLOYMENT_TARGET = 14.5;
				MTL_ENABLE_DEBUG_INFO = INCLUDE_SOURCE;
				MTL_FAST_MATH = YES;
				ONLY_ACTIVE_ARCH = YES;
				SDKROOT = iphoneos;
				SWIFT_ACTIVE_COMPILATION_CONDITIONS = DEBUG;
				SWIFT_OPTIMIZATION_LEVEL = "-Onone";
			};
			name = Debug;
		};
		048E522E26FABA8F0022528F /* Release */ = {
			isa = XCBuildConfiguration;
			buildSettings = {
				ALWAYS_SEARCH_USER_PATHS = NO;
				CLANG_ANALYZER_NONNULL = YES;
				CLANG_ANALYZER_NUMBER_OBJECT_CONVERSION = YES_AGGRESSIVE;
				CLANG_CXX_LANGUAGE_STANDARD = "gnu++14";
				CLANG_CXX_LIBRARY = "libc++";
				CLANG_ENABLE_MODULES = YES;
				CLANG_ENABLE_OBJC_ARC = YES;
				CLANG_ENABLE_OBJC_WEAK = YES;
				CLANG_WARN_BLOCK_CAPTURE_AUTORELEASING = YES;
				CLANG_WARN_BOOL_CONVERSION = YES;
				CLANG_WARN_COMMA = YES;
				CLANG_WARN_CONSTANT_CONVERSION = YES;
				CLANG_WARN_DEPRECATED_OBJC_IMPLEMENTATIONS = YES;
				CLANG_WARN_DIRECT_OBJC_ISA_USAGE = YES_ERROR;
				CLANG_WARN_DOCUMENTATION_COMMENTS = YES;
				CLANG_WARN_EMPTY_BODY = YES;
				CLANG_WARN_ENUM_CONVERSION = YES;
				CLANG_WARN_INFINITE_RECURSION = YES;
				CLANG_WARN_INT_CONVERSION = YES;
				CLANG_WARN_NON_LITERAL_NULL_CONVERSION = YES;
				CLANG_WARN_OBJC_IMPLICIT_RETAIN_SELF = YES;
				CLANG_WARN_OBJC_LITERAL_CONVERSION = YES;
				CLANG_WARN_OBJC_ROOT_CLASS = YES_ERROR;
				CLANG_WARN_QUOTED_INCLUDE_IN_FRAMEWORK_HEADER = YES;
				CLANG_WARN_RANGE_LOOP_ANALYSIS = YES;
				CLANG_WARN_STRICT_PROTOTYPES = YES;
				CLANG_WARN_SUSPICIOUS_MOVE = YES;
				CLANG_WARN_UNGUARDED_AVAILABILITY = YES_AGGRESSIVE;
				CLANG_WARN_UNREACHABLE_CODE = YES;
				CLANG_WARN__DUPLICATE_METHOD_MATCH = YES;
				COPY_PHASE_STRIP = NO;
				DEBUG_INFORMATION_FORMAT = "dwarf-with-dsym";
				ENABLE_NS_ASSERTIONS = NO;
				ENABLE_STRICT_OBJC_MSGSEND = YES;
				GCC_C_LANGUAGE_STANDARD = gnu11;
				GCC_NO_COMMON_BLOCKS = YES;
				GCC_WARN_64_TO_32_BIT_CONVERSION = YES;
				GCC_WARN_ABOUT_RETURN_TYPE = YES_ERROR;
				GCC_WARN_UNDECLARED_SELECTOR = YES;
				GCC_WARN_UNINITIALIZED_AUTOS = YES_AGGRESSIVE;
				GCC_WARN_UNUSED_FUNCTION = YES;
				GCC_WARN_UNUSED_VARIABLE = YES;
				IPHONEOS_DEPLOYMENT_TARGET = 14.5;
				MTL_ENABLE_DEBUG_INFO = NO;
				MTL_FAST_MATH = YES;
				SDKROOT = iphoneos;
				SWIFT_COMPILATION_MODE = wholemodule;
				SWIFT_OPTIMIZATION_LEVEL = "-O";
				VALIDATE_PRODUCT = YES;
			};
			name = Release;
		};
		048E523026FABA8F0022528F /* Debug */ = {
			isa = XCBuildConfiguration;
			buildSettings = {
				ASSETCATALOG_COMPILER_APPICON_NAME = AppIcon;
				ASSETCATALOG_COMPILER_GLOBAL_ACCENT_COLOR_NAME = AccentColor;
				CODE_SIGN_STYLE = Automatic;
				INFOPLIST_FILE = Lab_A1_A2_iOS_Chaitanya_C0824156/Info.plist;
				LD_RUNPATH_SEARCH_PATHS = (
					"$(inherited)",
					"@executable_path/Frameworks",
				);
				PRODUCT_BUNDLE_IDENTIFIER = "com.mac.Lab-A1-A2-iOS-Chaitanya-C0824156";
				PRODUCT_NAME = "$(TARGET_NAME)";
				SWIFT_VERSION = 5.0;
				TARGETED_DEVICE_FAMILY = "1,2";
			};
			name = Debug;
		};
		048E523126FABA8F0022528F /* Release */ = {
			isa = XCBuildConfiguration;
			buildSettings = {
				ASSETCATALOG_COMPILER_APPICON_NAME = AppIcon;
				ASSETCATALOG_COMPILER_GLOBAL_ACCENT_COLOR_NAME = AccentColor;
				CODE_SIGN_STYLE = Automatic;
				INFOPLIST_FILE = Lab_A1_A2_iOS_Chaitanya_C0824156/Info.plist;
				LD_RUNPATH_SEARCH_PATHS = (
					"$(inherited)",
					"@executable_path/Frameworks",
				);
				PRODUCT_BUNDLE_IDENTIFIER = "com.mac.Lab-A1-A2-iOS-Chaitanya-C0824156";
				PRODUCT_NAME = "$(TARGET_NAME)";
				SWIFT_VERSION = 5.0;
				TARGETED_DEVICE_FAMILY = "1,2";
			};
			name = Release;
		};
/* End XCBuildConfiguration section */

/* Begin XCConfigurationList section */
		048E521326FABA8E0022528F /* Build configuration list for PBXProject "Lab_A1_A2_iOS_Chaitanya_C0824156" */ = {
			isa = XCConfigurationList;
			buildConfigurations = (
				048E522D26FABA8F0022528F /* Debug */,
				048E522E26FABA8F0022528F /* Release */,
			);
			defaultConfigurationIsVisible = 0;
			defaultConfigurationName = Release;
		};
		048E522F26FABA8F0022528F /* Build configuration list for PBXNativeTarget "Lab_A1_A2_iOS_Chaitanya_C0824156" */ = {
			isa = XCConfigurationList;
			buildConfigurations = (
				048E523026FABA8F0022528F /* Debug */,
				048E523126FABA8F0022528F /* Release */,
			);
			defaultConfigurationIsVisible = 0;
			defaultConfigurationName = Release;
		};
/* End XCConfigurationList section */

/* Begin XCVersionGroup section */
		048E522426FABA8E0022528F /* Lab_A1_A2_iOS_Chaitanya_C0824156.xcdatamodeld */ = {
			isa = XCVersionGroup;
			children = (
				048E522526FABA8E0022528F /* Lab_A1_A2_iOS_Chaitanya_C0824156.xcdatamodel */,
			);
			currentVersion = 048E522526FABA8E0022528F /* Lab_A1_A2_iOS_Chaitanya_C0824156.xcdatamodel */;
			path = Lab_A1_A2_iOS_Chaitanya_C0824156.xcdatamodeld;
			sourceTree = "<group>";
			versionGroupType = wrapper.xcdatamodel;
		};
/* End XCVersionGroup section */
	};
	rootObject = 048E521026FABA8E0022528F /* Project object */;
}
